<?xml version="1.0" encoding="utf-8"?>
<Project ToolsVersion="4.0" xmlns="http://schemas.microsoft.com/developer/msbuild/2003">
  <ItemGroup>
    <Filter Include="Source Files">
      <UniqueIdentifier>{4FC737F1-C7A5-4376-A066-2A32D752A2FF}</UniqueIdentifier>
      <Extensions>cpp;c;cc;cxx;def;odl;idl;hpj;bat;asm;asmx</Extensions>
    </Filter>
    <Filter Include="Header Files">
      <UniqueIdentifier>{93995380-89BD-4b04-88EB-625FBE52EBFB}</UniqueIdentifier>
      <Extensions>h;hh;hpp;hxx;hm;inl;inc;ipp;xsd</Extensions>
    </Filter>
    <Filter Include="Resource Files">
      <UniqueIdentifier>{67DA6AB6-F800-4c08-8B7A-83BB121AAD01}</UniqueIdentifier>
      <Extensions>rc;ico;cur;bmp;dlg;rc2;rct;bin;rgs;gif;jpg;jpeg;jpe;resx;tiff;tif;png;wav;mfcribbon-ms</Extensions>
    </Filter>
    <Filter Include="Header Files\Transducer">
      <UniqueIdentifier>{8c0b49b0-bc9c-4317-a8f9-2591aa2a8cca}</UniqueIdentifier>
    </Filter>
    <Filter Include="Source Files\Transducer">
      <UniqueIdentifier>{533645cf-8577-4825-8c10-48846975fd09}</UniqueIdentifier>
    </Filter>
    <Filter Include="Header Files\FST">
      <UniqueIdentifier>{201e3a06-308a-481f-83bc-b6163381511a}</UniqueIdentifier>
    </Filter>
    <Filter Include="Header Files\Symbol Comparateur">
      <UniqueIdentifier>{ddb2a8bb-6514-4c49-997c-a6d0332772fe}</UniqueIdentifier>
    </Filter>
    <Filter Include="Source Files\Symbol Comparateur">
      <UniqueIdentifier>{7b1f8466-fbb6-4d93-a39a-6ba582933101}</UniqueIdentifier>
    </Filter>
    <Filter Include="Source Files\FST">
      <UniqueIdentifier>{63633383-3aa3-4e07-a025-8eb64bdcc2dd}</UniqueIdentifier>
    </Filter>
    <Filter Include="Source Files\Reader">
      <UniqueIdentifier>{e8aa0f97-1de3-4914-8613-ea4f9d03603b}</UniqueIdentifier>
    </Filter>
    <Filter Include="Header Files\Reader">
      <UniqueIdentifier>{22b34a91-f419-417d-9347-94bebbfcf4c2}</UniqueIdentifier>
    </Filter>
  </ItemGroup>
  <ItemGroup>
    <ClInclude Include="Reporter.h">
      <Filter>Header Files\Transducer</Filter>
    </ClInclude>
    <ClInclude Include="Transducer.h">
      <Filter>Header Files\Transducer</Filter>
    </ClInclude>
    <ClInclude Include="TransducerCounter.h">
      <Filter>Header Files\Transducer</Filter>
    </ClInclude>
    <ClInclude Include="TransducerCounterReporter.h">
      <Filter>Header Files\Transducer</Filter>
    </ClInclude>
    <ClInclude Include="TransducerRepeater.h">
      <Filter>Header Files\Transducer</Filter>
    </ClInclude>
    <ClInclude Include="TransducerReporter.h">
      <Filter>Header Files\Transducer</Filter>
    </ClInclude>
    <ClInclude Include="TransducerStaticWriter.h">
      <Filter>Header Files\Transducer</Filter>
    </ClInclude>
    <ClInclude Include="Symbol.h">
      <Filter>Header Files\FST</Filter>
    </ClInclude>
    <ClInclude Include="..\..\..\..\..\..\Desktop\É.T.S     sesson 6\GPA 434\CppXtractLib\CppXtractLib\SymbolComparator.h">
      <Filter>Header Files\Symbol Comparateur</Filter>
    </ClInclude>
    <ClInclude Include="..\..\..\..\..\..\Desktop\É.T.S     sesson 6\GPA 434\CppXtractLib\CppXtractLib\SymbolDistinctAny.h">
      <Filter>Header Files\Symbol Comparateur</Filter>
    </ClInclude>
    <ClInclude Include="..\..\..\..\..\..\Desktop\É.T.S     sesson 6\GPA 434\CppXtractLib\CppXtractLib\SymbolDistinctOne.h">
      <Filter>Header Files\Symbol Comparateur</Filter>
    </ClInclude>
    <ClInclude Include="..\..\..\..\..\..\Desktop\É.T.S     sesson 6\GPA 434\CppXtractLib\CppXtractLib\SymbolMatchAll.h">
      <Filter>Header Files\Symbol Comparateur</Filter>
    </ClInclude>
    <ClInclude Include="..\..\..\..\..\..\Desktop\É.T.S     sesson 6\GPA 434\CppXtractLib\CppXtractLib\SymbolMatchAny.h">
      <Filter>Header Files\Symbol Comparateur</Filter>
    </ClInclude>
    <ClInclude Include="..\..\..\..\..\..\Desktop\É.T.S     sesson 6\GPA 434\CppXtractLib\CppXtractLib\SymbolMatchInRange.h">
      <Filter>Header Files\Symbol Comparateur</Filter>
    </ClInclude>
    <ClInclude Include="..\..\..\..\..\..\Desktop\É.T.S     sesson 6\GPA 434\CppXtractLib\CppXtractLib\SymbolMatchOne.h">
      <Filter>Header Files\Symbol Comparateur</Filter>
    </ClInclude>
    <ClInclude Include="..\..\..\..\..\..\Desktop\É.T.S     sesson 6\GPA 434\CppXtractLib\CppXtractLib\SymbolMatchOutRange.h">
      <Filter>Header Files\Symbol Comparateur</Filter>
    </ClInclude>
    <ClInclude Include="State.h">
      <Filter>Header Files\FST</Filter>
    </ClInclude>
    <ClInclude Include="Transition.h">
      <Filter>Header Files\FST</Filter>
    </ClInclude>
    <ClInclude Include="CppXtract.h">
      <Filter>Header Files\FST</Filter>
    </ClInclude>
    <ClInclude Include="FST.h">
      <Filter>Header Files\FST</Filter>
    </ClInclude>
    <ClInclude Include="FileReader.h">
      <Filter>Header Files\Reader</Filter>
    </ClInclude>
    <ClInclude Include="FileWriter.h">
      <Filter>Header Files\Reader</Filter>
    </ClInclude>
    <ClInclude Include="Reader.h">
      <Filter>Header Files\Reader</Filter>
    </ClInclude>
    <ClInclude Include="StringReader.h">
      <Filter>Header Files\Reader</Filter>
    </ClInclude>
    <ClInclude Include="StringWriter.h">
      <Filter>Header Files\Reader</Filter>
    </ClInclude>
    <ClInclude Include="Writer.h">
      <Filter>Header Files\Reader</Filter>
    </ClInclude>
  </ItemGroup>
  <ItemGroup>
    <ClCompile Include="Reporter.cpp">
      <Filter>Source Files\Transducer</Filter>
    </ClCompile>
    <ClCompile Include="Transducer.cpp">
      <Filter>Source Files\Transducer</Filter>
    </ClCompile>
    <ClCompile Include="TransducerCounter.cpp">
      <Filter>Source Files\Transducer</Filter>
    </ClCompile>
    <ClCompile Include="TransducerCounterReporter.cpp">
      <Filter>Source Files\Transducer</Filter>
    </ClCompile>
    <ClCompile Include="TransducerRepeater.cpp">
      <Filter>Source Files\Transducer</Filter>
    </ClCompile>
    <ClCompile Include="TransducerReporter.cpp">
      <Filter>Source Files\Transducer</Filter>
    </ClCompile>
    <ClCompile Include="TransducerStaticWriter.cpp">
      <Filter>Source Files\Transducer</Filter>
    </ClCompile>
    <ClCompile Include="..\..\..\..\..\..\Desktop\É.T.S     sesson 6\GPA 434\CppXtractLib\CppXtractLib\SymbolComparator.cpp">
      <Filter>Source Files\Symbol Comparateur</Filter>
    </ClCompile>
    <ClCompile Include="..\..\..\..\..\..\Desktop\É.T.S     sesson 6\GPA 434\CppXtractLib\CppXtractLib\SymbolDistinctAny.cpp">
      <Filter>Source Files\Symbol Comparateur</Filter>
    </ClCompile>
    <ClCompile Include="..\..\..\..\..\..\Desktop\É.T.S     sesson 6\GPA 434\CppXtractLib\CppXtractLib\SymbolDistinctOne.cpp">
      <Filter>Source Files\Symbol Comparateur</Filter>
    </ClCompile>
    <ClCompile Include="..\..\..\..\..\..\Desktop\É.T.S     sesson 6\GPA 434\CppXtractLib\CppXtractLib\SymbolMatchAll.cpp">
      <Filter>Source Files\Symbol Comparateur</Filter>
    </ClCompile>
    <ClCompile Include="..\..\..\..\..\..\Desktop\É.T.S     sesson 6\GPA 434\CppXtractLib\CppXtractLib\SymbolMatchAny.cpp">
      <Filter>Source Files\Symbol Comparateur</Filter>
    </ClCompile>
    <ClCompile Include="..\..\..\..\..\..\Desktop\É.T.S     sesson 6\GPA 434\CppXtractLib\CppXtractLib\SymbolMatchInRange.cpp">
      <Filter>Source Files\Symbol Comparateur</Filter>
    </ClCompile>
    <ClCompile Include="..\..\..\..\..\..\Desktop\É.T.S     sesson 6\GPA 434\CppXtractLib\CppXtractLib\SymbolMatchOne.cpp">
      <Filter>Source Files\Symbol Comparateur</Filter>
    </ClCompile>
    <ClCompile Include="..\..\..\..\..\..\Desktop\É.T.S     sesson 6\GPA 434\CppXtractLib\CppXtractLib\SymbolMatchOutRange.cpp">
      <Filter>Source Files\Symbol Comparateur</Filter>
    </ClCompile>
    <ClCompile Include="State.cpp">
      <Filter>Source Files\FST</Filter>
    </ClCompile>
    <ClCompile Include="Transition.cpp">
      <Filter>Source Files\FST</Filter>
    </ClCompile>
    <ClCompile Include="CppXtract.cpp">
      <Filter>Source Files\FST</Filter>
    </ClCompile>
    <ClCompile Include="FST.cpp">
      <Filter>Source Files\FST</Filter>
    </ClCompile>
    <ClCompile Include="FileReader.cpp">
      <Filter>Source Files\Reader</Filter>
    </ClCompile>
    <ClCompile Include="FileWriter.cpp">
      <Filter>Source Files\Reader</Filter>
    </ClCompile>
    <ClCompile Include="Reader.cpp">
      <Filter>Source Files\Reader</Filter>
    </ClCompile>
    <ClCompile Include="ScreenWriter.cpp">
      <Filter>Source Files\Reader</Filter>
    </ClCompile>
    <ClCompile Include="StringReader.cpp">
      <Filter>Source Files\Reader</Filter>
    </ClCompile>
    <ClCompile Include="StringWriter.cpp">
      <Filter>Source Files\Reader</Filter>
    </ClCompile>
    <ClCompile Include="Writer.cpp">
      <Filter>Source Files\Reader</Filter>
    </ClCompile>
  </ItemGroup>
</Project>